
Microsoft Visual Studio Solution File, Format Version 12.00
# Visual Studio Version 17
VisualStudioVersion = 17.1.32228.430
MinimumVisualStudioVersion = 10.0.40219.1
Project("{FAE04EC0-301F-11D3-BF4B-00C04F79EFBC}") = "ATM", "ATM\ATM.csproj", "{FAB939CB-1FA6-42A7-B089-EDE98D4812F6}"
EndProject
Global
	GlobalSection(SolutionConfigurationPlatforms) = preSolution
		Debug|Any CPU = Debug|Any CPU
		Release|Any CPU = Release|Any CPU
	EndGlobalSection
	GlobalSection(ProjectConfigurationPlatforms) = postSolution
		{FAB939CB-1FA6-42A7-B089-EDE98D4812F6}.Debug|Any CPU.ActiveCfg = Debug|Any CPU
		{FAB939CB-1FA6-42A7-B089-EDE98D4812F6}.Debug|Any CPU.Build.0 = Debug|Any CPU
		{FAB939CB-1FA6-42A7-B089-EDE98D4812F6}.Release|Any CPU.ActiveCfg = Release|Any CPU
		{FAB939CB-1FA6-42A7-B089-EDE98D4812F6}.Release|Any CPU.Build.0 = Release|Any CPU
	EndGlobalSection
	GlobalSection(SolutionProperties) = preSolution
		HideSolutionNode = FALSE
	EndGlobalSection
	GlobalSection(ExtensibilityGlobals) = postSolution
		SolutionGuid = {FA1EC87B-D64C-4AD8-9F32-5FFA38B4192A}
	EndGlobalSection
EndGlobal
